
Microsoft Visual Studio Solution File, Format Version 12.00
# Visual Studio 15
VisualStudioVersion = 15.0.33919.361
MinimumVisualStudioVersion = 10.0.40219.1
Project("{FAE04EC0-301F-11D3-BF4B-00C04F79EFBC}") = "practico3", "practico3\practico3.csproj", "{3BBC52A1-5989-406C-83C5-943A243CE7D9}"
EndProject
Global
	GlobalSection(SolutionConfigurationPlatforms) = preSolution
		Debug|Any CPU = Debug|Any CPU
		Release|Any CPU = Release|Any CPU
	EndGlobalSection
	GlobalSection(ProjectConfigurationPlatforms) = postSolution
		{3BBC52A1-5989-406C-83C5-943A243CE7D9}.Debug|Any CPU.ActiveCfg = Debug|Any CPU
		{3BBC52A1-5989-406C-83C5-943A243CE7D9}.Debug|Any CPU.Build.0 = Debug|Any CPU
		{3BBC52A1-5989-406C-83C5-943A243CE7D9}.Release|Any CPU.ActiveCfg = Release|Any CPU
		{3BBC52A1-5989-406C-83C5-943A243CE7D9}.Release|Any CPU.Build.0 = Release|Any CPU
	EndGlobalSection
	GlobalSection(SolutionProperties) = preSolution
		HideSolutionNode = FALSE
	EndGlobalSection
	GlobalSection(ExtensibilityGlobals) = postSolution
		SolutionGuid = {5BAAE686-CB49-46F5-8573-7C76AF425146}
	EndGlobalSection
EndGlobal
