
Microsoft Visual Studio Solution File, Format Version 12.00
# Visual Studio Version 17
VisualStudioVersion = 17.7.34009.444
MinimumVisualStudioVersion = 10.0.40219.1
Project("{FAE04EC0-301F-11D3-BF4B-00C04F79EFBC}") = "practico5", "practico5\practico5.csproj", "{C6C4F4A3-C474-4C9C-A57C-826D926F6872}"
EndProject
Global
	GlobalSection(SolutionConfigurationPlatforms) = preSolution
		Debug|Any CPU = Debug|Any CPU
		Release|Any CPU = Release|Any CPU
	EndGlobalSection
	GlobalSection(ProjectConfigurationPlatforms) = postSolution
		{C6C4F4A3-C474-4C9C-A57C-826D926F6872}.Debug|Any CPU.ActiveCfg = Debug|Any CPU
		{C6C4F4A3-C474-4C9C-A57C-826D926F6872}.Debug|Any CPU.Build.0 = Debug|Any CPU
		{C6C4F4A3-C474-4C9C-A57C-826D926F6872}.Release|Any CPU.ActiveCfg = Release|Any CPU
		{C6C4F4A3-C474-4C9C-A57C-826D926F6872}.Release|Any CPU.Build.0 = Release|Any CPU
	EndGlobalSection
	GlobalSection(SolutionProperties) = preSolution
		HideSolutionNode = FALSE
	EndGlobalSection
	GlobalSection(ExtensibilityGlobals) = postSolution
		SolutionGuid = {38AD093C-1617-4C85-A9D7-771ACE629B72}
	EndGlobalSection
EndGlobal
