
Microsoft Visual Studio Solution File, Format Version 12.00
# Visual Studio 15
VisualStudioVersion = 15.0.33919.361
MinimumVisualStudioVersion = 10.0.40219.1
Project("{FAE04EC0-301F-11D3-BF4B-00C04F79EFBC}") = "practico4", "practico4\practico4.csproj", "{1C812F1F-C7AE-4586-A578-F9FB4610FC11}"
EndProject
Global
	GlobalSection(SolutionConfigurationPlatforms) = preSolution
		Debug|Any CPU = Debug|Any CPU
		Release|Any CPU = Release|Any CPU
	EndGlobalSection
	GlobalSection(ProjectConfigurationPlatforms) = postSolution
		{1C812F1F-C7AE-4586-A578-F9FB4610FC11}.Debug|Any CPU.ActiveCfg = Debug|Any CPU
		{1C812F1F-C7AE-4586-A578-F9FB4610FC11}.Debug|Any CPU.Build.0 = Debug|Any CPU
		{1C812F1F-C7AE-4586-A578-F9FB4610FC11}.Release|Any CPU.ActiveCfg = Release|Any CPU
		{1C812F1F-C7AE-4586-A578-F9FB4610FC11}.Release|Any CPU.Build.0 = Release|Any CPU
	EndGlobalSection
	GlobalSection(SolutionProperties) = preSolution
		HideSolutionNode = FALSE
	EndGlobalSection
	GlobalSection(ExtensibilityGlobals) = postSolution
		SolutionGuid = {8F7D4982-8690-49AD-AA76-8E85C335BF27}
	EndGlobalSection
EndGlobal
